{
  "lockfileVersion": 1,
  "configVersion": 1,
  "workspaces": {
    "": {
      "name": "kk-nexus-scripts",
      "dependencies": {
        "baoyu-chrome-cdp": "file:C:/Users/hexk/.cc-switch/skills/llm-wiki/baoyu-url-to-markdown/scripts/vendor/baoyu-chrome-cdp",
        "ws": "^8.0.0",
      },
    },
  },
  "packages": {
    "baoyu-chrome-cdp": ["baoyu-chrome-cdp@file:../../../../.cc-switch/skills/llm-wiki/baoyu-url-to-markdown/scripts/vendor/baoyu-chrome-cdp", {}],

    "ws": ["ws@8.21.0", "", { "peerDependencies": { "bufferutil": "^4.0.1", "utf-8-validate": ">=5.0.2" }, "optionalPeers": ["bufferutil", "utf-8-validate"] }, "sha512-Vsp28b7DRcimFQvrqu2Wek3z1iYxDCWqHYB8Qsnk/S4RfaCQzPGPyBNuVjJV3cd6UiKtUtp6sNM77gWvzcCH+g=="],
  }
}
